
Microsoft Visual Studio Solution File, Format Version 12.00
# Visual Studio 15
VisualStudioVersion = 15.0.27703.2047
MinimumVisualStudioVersion = 10.0.40219.1
Project("{FAE04EC0-301F-11D3-BF4B-00C04F79EFBC}") = "openBrowser", "openBrowser\openBrowser.csproj", "{3F8E551B-9317-4EF4-8668-3909860D7A8B}"
EndProject
Global
	GlobalSection(SolutionConfigurationPlatforms) = preSolution
		Debug|Any CPU = Debug|Any CPU
		Release|Any CPU = Release|Any CPU
	EndGlobalSection
	GlobalSection(ProjectConfigurationPlatforms) = postSolution
		{3F8E551B-9317-4EF4-8668-3909860D7A8B}.Debug|Any CPU.ActiveCfg = Debug|Any CPU
		{3F8E551B-9317-4EF4-8668-3909860D7A8B}.Debug|Any CPU.Build.0 = Debug|Any CPU
		{3F8E551B-9317-4EF4-8668-3909860D7A8B}.Release|Any CPU.ActiveCfg = Release|Any CPU
		{3F8E551B-9317-4EF4-8668-3909860D7A8B}.Release|Any CPU.Build.0 = Release|Any CPU
	EndGlobalSection
	GlobalSection(SolutionProperties) = preSolution
		HideSolutionNode = FALSE
	EndGlobalSection
	GlobalSection(ExtensibilityGlobals) = postSolution
		SolutionGuid = {8F6A99E8-2236-4025-8974-30A5D24244ED}
	EndGlobalSection
EndGlobal
